// !$*UTF8*$!
{
	archiveVersion = 1;
	classes = {
	};
	objectVersion = 50;
	objects = {

/* Begin PBXBuildFile section */
		05D0BEC5264FEA8C00FBFF2A /* Instagram_Stories_AppApp.swift in Sources */ = {isa = PBXBuildFile; fileRef = 05D0BEC4264FEA8C00FBFF2A /* Instagram_Stories_AppApp.swift */; };
		05D0BEC7264FEA8C00FBFF2A /* ContentView.swift in Sources */ = {isa = PBXBuildFile; fileRef = 05D0BEC6264FEA8C00FBFF2A /* ContentView.swift */; };
		05D0BEC9264FEA8D00FBFF2A /* Assets.xcassets in Resources */ = {isa = PBXBuildFile; fileRef = 05D0BEC8264FEA8D00FBFF2A /* Assets.xcassets */; };
		05D0BECC264FEA8D00FBFF2A /* Preview Assets.xcassets in Resources */ = {isa = PBXBuildFile; fileRef = 05D0BECB264FEA8D00FBFF2A /* Preview Assets.xcassets */; };
		05D0BED4264FEAA300FBFF2A /* LoadingBar.swift in Sources */ = {isa = PBXBuildFile; fileRef = 05D0BED3264FEAA300FBFF2A /* LoadingBar.swift */; };
		05D0BED6264FEB4900FBFF2A /* CountTimer.swift in Sources */ = {isa = PBXBuildFile; fileRef = 05D0BED5264FEB4900FBFF2A /* CountTimer.swift */; };
/* End PBXBuildFile section */

/* Begin PBXFileReference section */
		05D0BEC1264FEA8C00FBFF2A /* Instagram-Stories-App.app */ = {isa = PBXFileReference; explicitFileType = wrapper.application; includeInIndex = 0; path = "Instagram-Stories-App.app"; sourceTree = BUILT_PRODUCTS_DIR; };
		05D0BEC4264FEA8C00FBFF2A /* Instagram_Stories_AppApp.swift */ = {isa = PBXFileReference; lastKnownFileType = sourcecode.swift; path = Instagram_Stories_AppApp.swift; sourceTree = "<group>"; };
		05D0BEC6264FEA8C00FBFF2A /* ContentView.swift */ = {isa = PBXFileReference; lastKnownFileType = sourcecode.swift; path = ContentView.swift; sourceTree = "<group>"; };
		05D0BEC8264FEA8D00FBFF2A /* Assets.xcassets */ = {isa = PBXFileReference; lastKnownFileType = folder.assetcatalog; path = Assets.xcassets; sourceTree = "<group>"; };
		05D0BECB264FEA8D00FBFF2A /* Preview Assets.xcassets */ = {isa = PBXFileReference; lastKnownFileType = folder.assetcatalog; path = "Preview Assets.xcassets"; sourceTree = "<group>"; };
		05D0BECD264FEA8D00FBFF2A /* Info.plist */ = {isa = PBXFileReference; lastKnownFileType = text.plist.xml; path = Info.plist; sourceTree = "<group>"; };
		05D0BED3264FEAA300FBFF2A /* LoadingBar.swift */ = {isa = PBXFileReference; lastKnownFileType = sourcecode.swift; path = LoadingBar.swift; sourceTree = "<group>"; };
		05D0BED5264FEB4900FBFF2A /* CountTimer.swift */ = {isa = PBXFileReference; lastKnownFileType = sourcecode.swift; path = CountTimer.swift; sourceTree = "<group>"; };
/* End PBXFileReference section */

/* Begin PBXFrameworksBuildPhase section */
		05D0BEBE264FEA8C00FBFF2A /* Frameworks */ = {
			isa = PBXFrameworksBuildPhase;
			buildActionMask = 2147483647;
			files = (
			);
			runOnlyForDeploymentPostprocessing = 0;
		};
/* End PBXFrameworksBuildPhase section */

/* Begin PBXGroup section */
		05D0BEB8264FEA8B00FBFF2A = {
			isa = PBXGroup;
			children = (
				05D0BEC3264FEA8C00FBFF2A /* Instagram-Stories-App */,
				05D0BEC2264FEA8C00FBFF2A /* Products */,
			);
			sourceTree = "<group>";
		};
		05D0BEC2264FEA8C00FBFF2A /* Products */ = {
			isa = PBXGroup;
			children = (
				05D0BEC1264FEA8C00FBFF2A /* Instagram-Stories-App.app */,
			);
			name = Products;
			sourceTree = "<group>";
		};
		05D0BEC3264FEA8C00FBFF2A /* Instagram-Stories-App */ = {
			isa = PBXGroup;
			children = (
				05D0BEC4264FEA8C00FBFF2A /* Instagram_Stories_AppApp.swift */,
				05D0BEC6264FEA8C00FBFF2A /* ContentView.swift */,
				05D0BED5264FEB4900FBFF2A /* CountTimer.swift */,
				05D0BED3264FEAA300FBFF2A /* LoadingBar.swift */,
				05D0BEC8264FEA8D00FBFF2A /* Assets.xcassets */,
				05D0BECD264FEA8D00FBFF2A /* Info.plist */,
				05D0BECA264FEA8D00FBFF2A /* Preview Content */,
			);
			path = "Instagram-Stories-App";
			sourceTree = "<group>";
		};
		05D0BECA264FEA8D00FBFF2A /* Preview Content */ = {
			isa = PBXGroup;
			children = (
				05D0BECB264FEA8D00FBFF2A /* Preview Assets.xcassets */,
			);
			path = "Preview Content";
			sourceTree = "<group>";
		};
/* End PBXGroup section */

/* Begin PBXNativeTarget section */
		05D0BEC0264FEA8C00FBFF2A /* Instagram-Stories-App */ = {
			isa = PBXNativeTarget;
			buildConfigurationList = 05D0BED0264FEA8D00FBFF2A /* Build configuration list for PBXNativeTarget "Instagram-Stories-App" */;
			buildPhases = (
				05D0BEBD264FEA8C00FBFF2A /* Sources */,
				05D0BEBE264FEA8C00FBFF2A /* Frameworks */,
				05D0BEBF264FEA8C00FBFF2A /* Resources */,
			);
			buildRules = (
			);
			dependencies = (
			);
			name = "Instagram-Stories-App";
			productName = "Instagram-Stories-App";
			productReference = 05D0BEC1264FEA8C00FBFF2A /* Instagram-Stories-App.app */;
			productType = "com.apple.product-type.application";
		};
/* End PBXNativeTarget section */

/* Begin PBXProject section */
		05D0BEB9264FEA8B00FBFF2A /* Project object */ = {
			isa = PBXProject;
			attributes = {
				LastSwiftUpdateCheck = 1250;
				LastUpgradeCheck = 1250;
				TargetAttributes = {
					05D0BEC0264FEA8C00FBFF2A = {
						CreatedOnToolsVersion = 12.5;
					};
				};
			};
			buildConfigurationList = 05D0BEBC264FEA8B00FBFF2A /* Build configuration list for PBXProject "Instagram-Stories-App" */;
			compatibilityVersion = "Xcode 9.3";
			developmentRegion = en;
			hasScannedForEncodings = 0;
			knownRegions = (
				en,
				Base,
			);
			mainGroup = 05D0BEB8264FEA8B00FBFF2A;
			productRefGroup = 05D0BEC2264FEA8C00FBFF2A /* Products */;
			projectDirPath = "";
			projectRoot = "";
			targets = (
				05D0BEC0264FEA8C00FBFF2A /* Instagram-Stories-App */,
			);
		};
/* End PBXProject section */

/* Begin PBXResourcesBuildPhase section */
		05D0BEBF264FEA8C00FBFF2A /* Resources */ = {
			isa = PBXResourcesBuildPhase;
			buildActionMask = 2147483647;
			files = (
				05D0BECC264FEA8D00FBFF2A /* Preview Assets.xcassets in Resources */,
				05D0BEC9264FEA8D00FBFF2A /* Assets.xcassets in Resources */,
			);
			runOnlyForDeploymentPostprocessing = 0;
		};
/* End PBXResourcesBuildPhase section */

/* Begin PBXSourcesBuildPhase section */
		05D0BEBD264FEA8C00FBFF2A /* Sources */ = {
			isa = PBXSourcesBuildPhase;
			buildActionMask = 2147483647;
			files = (
				05D0BEC7264FEA8C00FBFF2A /* ContentView.swift in Sources */,
				05D0BED6264FEB4900FBFF2A /* CountTimer.swift in Sources */,
				05D0BED4264FEAA300FBFF2A /* LoadingBar.swift in Sources */,
				05D0BEC5264FEA8C00FBFF2A /* Instagram_Stories_AppApp.swift in Sources */,
			);
			runOnlyForDeploymentPostprocessing = 0;
		};
/* End PBXSourcesBuildPhase section */

/* Begin XCBuildConfiguration section */
		05D0BECE264FEA8D00FBFF2A /* Debug */ = {
			isa = XCBuildConfiguration;
			buildSettings = {
				ALWAYS_SEARCH_USER_PATHS = NO;
				CLANG_ANALYZER_NONNULL = YES;
				CLANG_ANALYZER_NUMBER_OBJECT_CONVERSION = YES_AGGRESSIVE;
				CLANG_CXX_LANGUAGE_STANDARD = "gnu++14";
				CLANG_CXX_LIBRARY = "libc++";
				CLANG_ENABLE_MODULES = YES;
				CLANG_ENABLE_OBJC_ARC = YES;
				CLANG_ENABLE_OBJC_WEAK = YES;
				CLANG_WARN_BLOCK_CAPTURE_AUTORELEASING = YES;
				CLANG_WARN_BOOL_CONVERSION = YES;
				CLANG_WARN_COMMA = YES;
				CLANG_WARN_CONSTANT_CONVERSION = YES;
				CLANG_WARN_DEPRECATED_OBJC_IMPLEMENTATIONS = YES;
				CLANG_WARN_DIRECT_OBJC_ISA_USAGE = YES_ERROR;
				CLANG_WARN_DOCUMENTATION_COMMENTS = YES;
				CLANG_WARN_EMPTY_BODY = YES;
				CLANG_WARN_ENUM_CONVERSION = YES;
				CLANG_WARN_INFINITE_RECURSION = YES;
				CLANG_WARN_INT_CONVERSION = YES;
				CLANG_WARN_NON_LITERAL_NULL_CONVERSION = YES;
				CLANG_WARN_OBJC_IMPLICIT_RETAIN_SELF = YES;
				CLANG_WARN_OBJC_LITERAL_CONVERSION = YES;
				CLANG_WARN_OBJC_ROOT_CLASS = YES_ERROR;
				CLANG_WARN_QUOTED_INCLUDE_IN_FRAMEWORK_HEADER = YES;
				CLANG_WARN_RANGE_LOOP_ANALYSIS = YES;
				CLANG_WARN_STRICT_PROTOTYPES = YES;
				CLANG_WARN_SUSPICIOUS_MOVE = YES;
				CLANG_WARN_UNGUARDED_AVAILABILITY = YES_AGGRESSIVE;
				CLANG_WARN_UNREACHABLE_CODE = YES;
				CLANG_WARN__DUPLICATE_METHOD_MATCH = YES;
				COPY_PHASE_STRIP = NO;
				DEBUG_INFORMATION_FORMAT = dwarf;
				ENABLE_STRICT_OBJC_MSGSEND = YES;
				ENABLE_TESTABILITY = YES;
				GCC_C_LANGUAGE_STANDARD = gnu11;
				GCC_DYNAMIC_NO_PIC = NO;
				GCC_NO_COMMON_BLOCKS = YES;
				GCC_OPTIMIZATION_LEVEL = 0;
				GCC_PREPROCESSOR_DEFINITIONS = (
					"DEBUG=1",
					"$(inherited)",
				);
				GCC_WARN_64_TO_32_BIT_CONVERSION = YES;
				GCC_WARN_ABOUT_RETURN_TYPE = YES_ERROR;
				GCC_WARN_UNDECLARED_SELECTOR = YES;
				GCC_WARN_UNINITIALIZED_AUTOS = YES_AGGRESSIVE;
				GCC_WARN_UNUSED_FUNCTION = YES;
				GCC_WARN_UNUSED_VARIABLE = YES;
				IPHONEOS_DEPLOYMENT_TARGET = 14.5;
				MTL_ENABLE_DEBUG_INFO = INCLUDE_SOURCE;
				MTL_FAST_MATH = YES;
				ONLY_ACTIVE_ARCH = YES;
				SDKROOT = iphoneos;
				SWIFT_ACTIVE_COMPILATION_CONDITIONS = DEBUG;
				SWIFT_OPTIMIZATION_LEVEL = "-Onone";
			};
			name = Debug;
		};
		05D0BECF264FEA8D00FBFF2A /* Release */ = {
			isa = XCBuildConfiguration;
			buildSettings = {
				ALWAYS_SEARCH_USER_PATHS = NO;
				CLANG_ANALYZER_NONNULL = YES;
				CLANG_ANALYZER_NUMBER_OBJECT_CONVERSION = YES_AGGRESSIVE;
				CLANG_CXX_LANGUAGE_STANDARD = "gnu++14";
				CLANG_CXX_LIBRARY = "libc++";
				CLANG_ENABLE_MODULES = YES;
				CLANG_ENABLE_OBJC_ARC = YES;
				CLANG_ENABLE_OBJC_WEAK = YES;
				CLANG_WARN_BLOCK_CAPTURE_AUTORELEASING = YES;
				CLANG_WARN_BOOL_CONVERSION = YES;
				CLANG_WARN_COMMA = YES;
				CLANG_WARN_CONSTANT_CONVERSION = YES;
				CLANG_WARN_DEPRECATED_OBJC_IMPLEMENTATIONS = YES;
				CLANG_WARN_DIRECT_OBJC_ISA_USAGE = YES_ERROR;
				CLANG_WARN_DOCUMENTATION_COMMENTS = YES;
				CLANG_WARN_EMPTY_BODY = YES;
				CLANG_WARN_ENUM_CONVERSION = YES;
				CLANG_WARN_INFINITE_RECURSION = YES;
				CLANG_WARN_INT_CONVERSION = YES;
				CLANG_WARN_NON_LITERAL_NULL_CONVERSION = YES;
				CLANG_WARN_OBJC_IMPLICIT_RETAIN_SELF = YES;
				CLANG_WARN_OBJC_LITERAL_CONVERSION = YES;
				CLANG_WARN_OBJC_ROOT_CLASS = YES_ERROR;
				CLANG_WARN_QUOTED_INCLUDE_IN_FRAMEWORK_HEADER = YES;
				CLANG_WARN_RANGE_LOOP_ANALYSIS = YES;
				CLANG_WARN_STRICT_PROTOTYPES = YES;
				CLANG_WARN_SUSPICIOUS_MOVE = YES;
				CLANG_WARN_UNGUARDED_AVAILABILITY = YES_AGGRESSIVE;
				CLANG_WARN_UNREACHABLE_CODE = YES;
				CLANG_WARN__DUPLICATE_METHOD_MATCH = YES;
				COPY_PHASE_STRIP = NO;
				DEBUG_INFORMATION_FORMAT = "dwarf-with-dsym";
				ENABLE_NS_ASSERTIONS = NO;
				ENABLE_STRICT_OBJC_MSGSEND = YES;
				GCC_C_LANGUAGE_STANDARD = gnu11;
				GCC_NO_COMMON_BLOCKS = YES;
				GCC_WARN_64_TO_32_BIT_CONVERSION = YES;
				GCC_WARN_ABOUT_RETURN_TYPE = YES_ERROR;
				GCC_WARN_UNDECLARED_SELECTOR = YES;
				GCC_WARN_UNINITIALIZED_AUTOS = YES_AGGRESSIVE;
				GCC_WARN_UNUSED_FUNCTION = YES;
				GCC_WARN_UNUSED_VARIABLE = YES;
				IPHONEOS_DEPLOYMENT_TARGET = 14.5;
				MTL_ENABLE_DEBUG_INFO = NO;
				MTL_FAST_MATH = YES;
				SDKROOT = iphoneos;
				SWIFT_COMPILATION_MODE = wholemodule;
				SWIFT_OPTIMIZATION_LEVEL = "-O";
				VALIDATE_PRODUCT = YES;
			};
			name = Release;
		};
		05D0BED1264FEA8D00FBFF2A /* Debug */ = {
			isa = XCBuildConfiguration;
			buildSettings = {
				ASSETCATALOG_COMPILER_APPICON_NAME = AppIcon;
				ASSETCATALOG_COMPILER_GLOBAL_ACCENT_COLOR_NAME = AccentColor;
				CODE_SIGN_STYLE = Automatic;
				DEVELOPMENT_ASSET_PATHS = "\"Instagram-Stories-App/Preview Content\"";
				DEVELOPMENT_TEAM = KN3ZJQBK7N;
				ENABLE_PREVIEWS = YES;
				INFOPLIST_FILE = "Instagram-Stories-App/Info.plist";
				IPHONEOS_DEPLOYMENT_TARGET = 14.0;
				LD_RUNPATH_SEARCH_PATHS = (
					"$(inherited)",
					"@executable_path/Frameworks",
				);
				PRODUCT_BUNDLE_IDENTIFIER = "com.haaris.Instagram-Stories-App";
				PRODUCT_NAME = "$(TARGET_NAME)";
				SWIFT_VERSION = 5.0;
				TARGETED_DEVICE_FAMILY = "1,2";
			};
			name = Debug;
		};
		05D0BED2264FEA8D00FBFF2A /* Release */ = {
			isa = XCBuildConfiguration;
			buildSettings = {
				ASSETCATALOG_COMPILER_APPICON_NAME = AppIcon;
				ASSETCATALOG_COMPILER_GLOBAL_ACCENT_COLOR_NAME = AccentColor;
				CODE_SIGN_STYLE = Automatic;
				DEVELOPMENT_ASSET_PATHS = "\"Instagram-Stories-App/Preview Content\"";
				DEVELOPMENT_TEAM = KN3ZJQBK7N;
				ENABLE_PREVIEWS = YES;
				INFOPLIST_FILE = "Instagram-Stories-App/Info.plist";
				IPHONEOS_DEPLOYMENT_TARGET = 14.0;
				LD_RUNPATH_SEARCH_PATHS = (
					"$(inherited)",
					"@executable_path/Frameworks",
				);
				PRODUCT_BUNDLE_IDENTIFIER = "com.haaris.Instagram-Stories-App";
				PRODUCT_NAME = "$(TARGET_NAME)";
				SWIFT_VERSION = 5.0;
				TARGETED_DEVICE_FAMILY = "1,2";
			};
			name = Release;
		};
/* End XCBuildConfiguration section */

/* Begin XCConfigurationList section */
		05D0BEBC264FEA8B00FBFF2A /* Build configuration list for PBXProject "Instagram-Stories-App" */ = {
			isa = XCConfigurationList;
			buildConfigurations = (
				05D0BECE264FEA8D00FBFF2A /* Debug */,
				05D0BECF264FEA8D00FBFF2A /* Release */,
			);
			defaultConfigurationIsVisible = 0;
			defaultConfigurationName = Release;
		};
		05D0BED0264FEA8D00FBFF2A /* Build configuration list for PBXNativeTarget "Instagram-Stories-App" */ = {
			isa = XCConfigurationList;
			buildConfigurations = (
				05D0BED1264FEA8D00FBFF2A /* Debug */,
				05D0BED2264FEA8D00FBFF2A /* Release */,
			);
			defaultConfigurationIsVisible = 0;
			defaultConfigurationName = Release;
		};
/* End XCConfigurationList section */
	};
	rootObject = 05D0BEB9264FEA8B00FBFF2A /* Project object */;
}
