// !$*UTF8*$!
{
	archiveVersion = 1;
	classes = {
	};
	objectVersion = 55;
	objects = {

/* Begin PBXBuildFile section */
		05ED874E27357C61003A8CAB /* CustomStackNavigationApp.swift in Sources */ = {isa = PBXBuildFile; fileRef = 05ED873E27357C60003A8CAB /* CustomStackNavigationApp.swift */; };
		05ED874F27357C61003A8CAB /* CustomStackNavigationApp.swift in Sources */ = {isa = PBXBuildFile; fileRef = 05ED873E27357C60003A8CAB /* CustomStackNavigationApp.swift */; };
		05ED875027357C61003A8CAB /* ContentView.swift in Sources */ = {isa = PBXBuildFile; fileRef = 05ED873F27357C60003A8CAB /* ContentView.swift */; };
		05ED875127357C61003A8CAB /* ContentView.swift in Sources */ = {isa = PBXBuildFile; fileRef = 05ED873F27357C60003A8CAB /* ContentView.swift */; };
		05ED875227357C61003A8CAB /* Assets.xcassets in Resources */ = {isa = PBXBuildFile; fileRef = 05ED874027357C61003A8CAB /* Assets.xcassets */; };
		05ED875327357C61003A8CAB /* Assets.xcassets in Resources */ = {isa = PBXBuildFile; fileRef = 05ED874027357C61003A8CAB /* Assets.xcassets */; };
		05ED876027358637003A8CAB /* StackNavigationView.swift in Sources */ = {isa = PBXBuildFile; fileRef = 05ED875F27358637003A8CAB /* StackNavigationView.swift */; };
		05ED876127358637003A8CAB /* StackNavigationView.swift in Sources */ = {isa = PBXBuildFile; fileRef = 05ED875F27358637003A8CAB /* StackNavigationView.swift */; };
/* End PBXBuildFile section */

/* Begin PBXFileReference section */
		05ED873E27357C60003A8CAB /* CustomStackNavigationApp.swift */ = {isa = PBXFileReference; lastKnownFileType = sourcecode.swift; path = CustomStackNavigationApp.swift; sourceTree = "<group>"; };
		05ED873F27357C60003A8CAB /* ContentView.swift */ = {isa = PBXFileReference; lastKnownFileType = sourcecode.swift; path = ContentView.swift; sourceTree = "<group>"; };
		05ED874027357C61003A8CAB /* Assets.xcassets */ = {isa = PBXFileReference; lastKnownFileType = folder.assetcatalog; path = Assets.xcassets; sourceTree = "<group>"; };
		05ED874527357C61003A8CAB /* CustomStackNavigation.app */ = {isa = PBXFileReference; explicitFileType = wrapper.application; includeInIndex = 0; path = CustomStackNavigation.app; sourceTree = BUILT_PRODUCTS_DIR; };
		05ED874B27357C61003A8CAB /* CustomStackNavigation.app */ = {isa = PBXFileReference; explicitFileType = wrapper.application; includeInIndex = 0; path = CustomStackNavigation.app; sourceTree = BUILT_PRODUCTS_DIR; };
		05ED874D27357C61003A8CAB /* macOS.entitlements */ = {isa = PBXFileReference; lastKnownFileType = text.plist.entitlements; path = macOS.entitlements; sourceTree = "<group>"; };
		05ED875F27358637003A8CAB /* StackNavigationView.swift */ = {isa = PBXFileReference; lastKnownFileType = sourcecode.swift; path = StackNavigationView.swift; sourceTree = "<group>"; };
/* End PBXFileReference section */

/* Begin PBXFrameworksBuildPhase section */
		05ED874227357C61003A8CAB /* Frameworks */ = {
			isa = PBXFrameworksBuildPhase;
			buildActionMask = 2147483647;
			files = (
			);
			runOnlyForDeploymentPostprocessing = 0;
		};
		05ED874827357C61003A8CAB /* Frameworks */ = {
			isa = PBXFrameworksBuildPhase;
			buildActionMask = 2147483647;
			files = (
			);
			runOnlyForDeploymentPostprocessing = 0;
		};
/* End PBXFrameworksBuildPhase section */

/* Begin PBXGroup section */
		05ED873827357C60003A8CAB = {
			isa = PBXGroup;
			children = (
				05ED873D27357C60003A8CAB /* Shared */,
				05ED874C27357C61003A8CAB /* macOS */,
				05ED874627357C61003A8CAB /* Products */,
			);
			sourceTree = "<group>";
		};
		05ED873D27357C60003A8CAB /* Shared */ = {
			isa = PBXGroup;
			children = (
				05ED873E27357C60003A8CAB /* CustomStackNavigationApp.swift */,
				05ED873F27357C60003A8CAB /* ContentView.swift */,
				05ED875F27358637003A8CAB /* StackNavigationView.swift */,
				05ED874027357C61003A8CAB /* Assets.xcassets */,
			);
			path = Shared;
			sourceTree = "<group>";
		};
		05ED874627357C61003A8CAB /* Products */ = {
			isa = PBXGroup;
			children = (
				05ED874527357C61003A8CAB /* CustomStackNavigation.app */,
				05ED874B27357C61003A8CAB /* CustomStackNavigation.app */,
			);
			name = Products;
			sourceTree = "<group>";
		};
		05ED874C27357C61003A8CAB /* macOS */ = {
			isa = PBXGroup;
			children = (
				05ED874D27357C61003A8CAB /* macOS.entitlements */,
			);
			path = macOS;
			sourceTree = "<group>";
		};
/* End PBXGroup section */

/* Begin PBXNativeTarget section */
		05ED874427357C61003A8CAB /* CustomStackNavigation (iOS) */ = {
			isa = PBXNativeTarget;
			buildConfigurationList = 05ED875627357C61003A8CAB /* Build configuration list for PBXNativeTarget "CustomStackNavigation (iOS)" */;
			buildPhases = (
				05ED874127357C61003A8CAB /* Sources */,
				05ED874227357C61003A8CAB /* Frameworks */,
				05ED874327357C61003A8CAB /* Resources */,
			);
			buildRules = (
			);
			dependencies = (
			);
			name = "CustomStackNavigation (iOS)";
			productName = "CustomStackNavigation (iOS)";
			productReference = 05ED874527357C61003A8CAB /* CustomStackNavigation.app */;
			productType = "com.apple.product-type.application";
		};
		05ED874A27357C61003A8CAB /* CustomStackNavigation (macOS) */ = {
			isa = PBXNativeTarget;
			buildConfigurationList = 05ED875927357C61003A8CAB /* Build configuration list for PBXNativeTarget "CustomStackNavigation (macOS)" */;
			buildPhases = (
				05ED874727357C61003A8CAB /* Sources */,
				05ED874827357C61003A8CAB /* Frameworks */,
				05ED874927357C61003A8CAB /* Resources */,
			);
			buildRules = (
			);
			dependencies = (
			);
			name = "CustomStackNavigation (macOS)";
			productName = "CustomStackNavigation (macOS)";
			productReference = 05ED874B27357C61003A8CAB /* CustomStackNavigation.app */;
			productType = "com.apple.product-type.application";
		};
/* End PBXNativeTarget section */

/* Begin PBXProject section */
		05ED873927357C60003A8CAB /* Project object */ = {
			isa = PBXProject;
			attributes = {
				BuildIndependentTargetsInParallel = 1;
				LastSwiftUpdateCheck = 1310;
				LastUpgradeCheck = 1310;
				TargetAttributes = {
					05ED874427357C61003A8CAB = {
						CreatedOnToolsVersion = 13.1;
					};
					05ED874A27357C61003A8CAB = {
						CreatedOnToolsVersion = 13.1;
					};
				};
			};
			buildConfigurationList = 05ED873C27357C60003A8CAB /* Build configuration list for PBXProject "CustomStackNavigation" */;
			compatibilityVersion = "Xcode 13.0";
			developmentRegion = en;
			hasScannedForEncodings = 0;
			knownRegions = (
				en,
				Base,
			);
			mainGroup = 05ED873827357C60003A8CAB;
			productRefGroup = 05ED874627357C61003A8CAB /* Products */;
			projectDirPath = "";
			projectRoot = "";
			targets = (
				05ED874427357C61003A8CAB /* CustomStackNavigation (iOS) */,
				05ED874A27357C61003A8CAB /* CustomStackNavigation (macOS) */,
			);
		};
/* End PBXProject section */

/* Begin PBXResourcesBuildPhase section */
		05ED874327357C61003A8CAB /* Resources */ = {
			isa = PBXResourcesBuildPhase;
			buildActionMask = 2147483647;
			files = (
				05ED875227357C61003A8CAB /* Assets.xcassets in Resources */,
			);
			runOnlyForDeploymentPostprocessing = 0;
		};
		05ED874927357C61003A8CAB /* Resources */ = {
			isa = PBXResourcesBuildPhase;
			buildActionMask = 2147483647;
			files = (
				05ED875327357C61003A8CAB /* Assets.xcassets in Resources */,
			);
			runOnlyForDeploymentPostprocessing = 0;
		};
/* End PBXResourcesBuildPhase section */

/* Begin PBXSourcesBuildPhase section */
		05ED874127357C61003A8CAB /* Sources */ = {
			isa = PBXSourcesBuildPhase;
			buildActionMask = 2147483647;
			files = (
				05ED875027357C61003A8CAB /* ContentView.swift in Sources */,
				05ED874E27357C61003A8CAB /* CustomStackNavigationApp.swift in Sources */,
				05ED876027358637003A8CAB /* StackNavigationView.swift in Sources */,
			);
			runOnlyForDeploymentPostprocessing = 0;
		};
		05ED874727357C61003A8CAB /* Sources */ = {
			isa = PBXSourcesBuildPhase;
			buildActionMask = 2147483647;
			files = (
				05ED875127357C61003A8CAB /* ContentView.swift in Sources */,
				05ED874F27357C61003A8CAB /* CustomStackNavigationApp.swift in Sources */,
				05ED876127358637003A8CAB /* StackNavigationView.swift in Sources */,
			);
			runOnlyForDeploymentPostprocessing = 0;
		};
/* End PBXSourcesBuildPhase section */

/* Begin XCBuildConfiguration section */
		05ED875427357C61003A8CAB /* Debug */ = {
			isa = XCBuildConfiguration;
			buildSettings = {
				ALWAYS_SEARCH_USER_PATHS = NO;
				CLANG_ANALYZER_NONNULL = YES;
				CLANG_ANALYZER_NUMBER_OBJECT_CONVERSION = YES_AGGRESSIVE;
				CLANG_CXX_LANGUAGE_STANDARD = "gnu++17";
				CLANG_CXX_LIBRARY = "libc++";
				CLANG_ENABLE_MODULES = YES;
				CLANG_ENABLE_OBJC_ARC = YES;
				CLANG_ENABLE_OBJC_WEAK = YES;
				CLANG_WARN_BLOCK_CAPTURE_AUTORELEASING = YES;
				CLANG_WARN_BOOL_CONVERSION = YES;
				CLANG_WARN_COMMA = YES;
				CLANG_WARN_CONSTANT_CONVERSION = YES;
				CLANG_WARN_DEPRECATED_OBJC_IMPLEMENTATIONS = YES;
				CLANG_WARN_DIRECT_OBJC_ISA_USAGE = YES_ERROR;
				CLANG_WARN_DOCUMENTATION_COMMENTS = YES;
				CLANG_WARN_EMPTY_BODY = YES;
				CLANG_WARN_ENUM_CONVERSION = YES;
				CLANG_WARN_INFINITE_RECURSION = YES;
				CLANG_WARN_INT_CONVERSION = YES;
				CLANG_WARN_NON_LITERAL_NULL_CONVERSION = YES;
				CLANG_WARN_OBJC_IMPLICIT_RETAIN_SELF = YES;
				CLANG_WARN_OBJC_LITERAL_CONVERSION = YES;
				CLANG_WARN_OBJC_ROOT_CLASS = YES_ERROR;
				CLANG_WARN_QUOTED_INCLUDE_IN_FRAMEWORK_HEADER = YES;
				CLANG_WARN_RANGE_LOOP_ANALYSIS = YES;
				CLANG_WARN_STRICT_PROTOTYPES = YES;
				CLANG_WARN_SUSPICIOUS_MOVE = YES;
				CLANG_WARN_UNGUARDED_AVAILABILITY = YES_AGGRESSIVE;
				CLANG_WARN_UNREACHABLE_CODE = YES;
				CLANG_WARN__DUPLICATE_METHOD_MATCH = YES;
				COPY_PHASE_STRIP = NO;
				DEBUG_INFORMATION_FORMAT = dwarf;
				ENABLE_STRICT_OBJC_MSGSEND = YES;
				ENABLE_TESTABILITY = YES;
				GCC_C_LANGUAGE_STANDARD = gnu11;
				GCC_DYNAMIC_NO_PIC = NO;
				GCC_NO_COMMON_BLOCKS = YES;
				GCC_OPTIMIZATION_LEVEL = 0;
				GCC_PREPROCESSOR_DEFINITIONS = (
					"DEBUG=1",
					"$(inherited)",
				);
				GCC_WARN_64_TO_32_BIT_CONVERSION = YES;
				GCC_WARN_ABOUT_RETURN_TYPE = YES_ERROR;
				GCC_WARN_UNDECLARED_SELECTOR = YES;
				GCC_WARN_UNINITIALIZED_AUTOS = YES_AGGRESSIVE;
				GCC_WARN_UNUSED_FUNCTION = YES;
				GCC_WARN_UNUSED_VARIABLE = YES;
				MTL_ENABLE_DEBUG_INFO = INCLUDE_SOURCE;
				MTL_FAST_MATH = YES;
				ONLY_ACTIVE_ARCH = YES;
				SWIFT_ACTIVE_COMPILATION_CONDITIONS = DEBUG;
				SWIFT_OPTIMIZATION_LEVEL = "-Onone";
			};
			name = Debug;
		};
		05ED875527357C61003A8CAB /* Release */ = {
			isa = XCBuildConfiguration;
			buildSettings = {
				ALWAYS_SEARCH_USER_PATHS = NO;
				CLANG_ANALYZER_NONNULL = YES;
				CLANG_ANALYZER_NUMBER_OBJECT_CONVERSION = YES_AGGRESSIVE;
				CLANG_CXX_LANGUAGE_STANDARD = "gnu++17";
				CLANG_CXX_LIBRARY = "libc++";
				CLANG_ENABLE_MODULES = YES;
				CLANG_ENABLE_OBJC_ARC = YES;
				CLANG_ENABLE_OBJC_WEAK = YES;
				CLANG_WARN_BLOCK_CAPTURE_AUTORELEASING = YES;
				CLANG_WARN_BOOL_CONVERSION = YES;
				CLANG_WARN_COMMA = YES;
				CLANG_WARN_CONSTANT_CONVERSION = YES;
				CLANG_WARN_DEPRECATED_OBJC_IMPLEMENTATIONS = YES;
				CLANG_WARN_DIRECT_OBJC_ISA_USAGE = YES_ERROR;
				CLANG_WARN_DOCUMENTATION_COMMENTS = YES;
				CLANG_WARN_EMPTY_BODY = YES;
				CLANG_WARN_ENUM_CONVERSION = YES;
				CLANG_WARN_INFINITE_RECURSION = YES;
				CLANG_WARN_INT_CONVERSION = YES;
				CLANG_WARN_NON_LITERAL_NULL_CONVERSION = YES;
				CLANG_WARN_OBJC_IMPLICIT_RETAIN_SELF = YES;
				CLANG_WARN_OBJC_LITERAL_CONVERSION = YES;
				CLANG_WARN_OBJC_ROOT_CLASS = YES_ERROR;
				CLANG_WARN_QUOTED_INCLUDE_IN_FRAMEWORK_HEADER = YES;
				CLANG_WARN_RANGE_LOOP_ANALYSIS = YES;
				CLANG_WARN_STRICT_PROTOTYPES = YES;
				CLANG_WARN_SUSPICIOUS_MOVE = YES;
				CLANG_WARN_UNGUARDED_AVAILABILITY = YES_AGGRESSIVE;
				CLANG_WARN_UNREACHABLE_CODE = YES;
				CLANG_WARN__DUPLICATE_METHOD_MATCH = YES;
				COPY_PHASE_STRIP = NO;
				DEBUG_INFORMATION_FORMAT = "dwarf-with-dsym";
				ENABLE_NS_ASSERTIONS = NO;
				ENABLE_STRICT_OBJC_MSGSEND = YES;
				GCC_C_LANGUAGE_STANDARD = gnu11;
				GCC_NO_COMMON_BLOCKS = YES;
				GCC_WARN_64_TO_32_BIT_CONVERSION = YES;
				GCC_WARN_ABOUT_RETURN_TYPE = YES_ERROR;
				GCC_WARN_UNDECLARED_SELECTOR = YES;
				GCC_WARN_UNINITIALIZED_AUTOS = YES_AGGRESSIVE;
				GCC_WARN_UNUSED_FUNCTION = YES;
				GCC_WARN_UNUSED_VARIABLE = YES;
				MTL_ENABLE_DEBUG_INFO = NO;
				MTL_FAST_MATH = YES;
				SWIFT_COMPILATION_MODE = wholemodule;
				SWIFT_OPTIMIZATION_LEVEL = "-O";
			};
			name = Release;
		};
		05ED875727357C61003A8CAB /* Debug */ = {
			isa = XCBuildConfiguration;
			buildSettings = {
				ASSETCATALOG_COMPILER_APPICON_NAME = AppIcon;
				ASSETCATALOG_COMPILER_GLOBAL_ACCENT_COLOR_NAME = AccentColor;
				CODE_SIGN_STYLE = Automatic;
				CURRENT_PROJECT_VERSION = 1;
				DEVELOPMENT_TEAM = KN3ZJQBK7N;
				ENABLE_PREVIEWS = YES;
				GENERATE_INFOPLIST_FILE = YES;
				INFOPLIST_KEY_UIApplicationSceneManifest_Generation = YES;
				INFOPLIST_KEY_UIApplicationSupportsIndirectInputEvents = YES;
				INFOPLIST_KEY_UILaunchScreen_Generation = YES;
				INFOPLIST_KEY_UISupportedInterfaceOrientations_iPad = "UIInterfaceOrientationPortrait UIInterfaceOrientationPortraitUpsideDown UIInterfaceOrientationLandscapeLeft UIInterfaceOrientationLandscapeRight";
				INFOPLIST_KEY_UISupportedInterfaceOrientations_iPhone = "UIInterfaceOrientationPortrait UIInterfaceOrientationLandscapeLeft UIInterfaceOrientationLandscapeRight";
				IPHONEOS_DEPLOYMENT_TARGET = 15.0;
				LD_RUNPATH_SEARCH_PATHS = (
					"$(inherited)",
					"@executable_path/Frameworks",
				);
				MARKETING_VERSION = 1.0;
				PRODUCT_BUNDLE_IDENTIFIER = com.haaris.CustomStackNavigation;
				PRODUCT_NAME = CustomStackNavigation;
				SDKROOT = iphoneos;
				SWIFT_EMIT_LOC_STRINGS = YES;
				SWIFT_VERSION = 5.0;
				TARGETED_DEVICE_FAMILY = "1,2";
			};
			name = Debug;
		};
		05ED875827357C61003A8CAB /* Release */ = {
			isa = XCBuildConfiguration;
			buildSettings = {
				ASSETCATALOG_COMPILER_APPICON_NAME = AppIcon;
				ASSETCATALOG_COMPILER_GLOBAL_ACCENT_COLOR_NAME = AccentColor;
				CODE_SIGN_STYLE = Automatic;
				CURRENT_PROJECT_VERSION = 1;
				DEVELOPMENT_TEAM = KN3ZJQBK7N;
				ENABLE_PREVIEWS = YES;
				GENERATE_INFOPLIST_FILE = YES;
				INFOPLIST_KEY_UIApplicationSceneManifest_Generation = YES;
				INFOPLIST_KEY_UIApplicationSupportsIndirectInputEvents = YES;
				INFOPLIST_KEY_UILaunchScreen_Generation = YES;
				INFOPLIST_KEY_UISupportedInterfaceOrientations_iPad = "UIInterfaceOrientationPortrait UIInterfaceOrientationPortraitUpsideDown UIInterfaceOrientationLandscapeLeft UIInterfaceOrientationLandscapeRight";
				INFOPLIST_KEY_UISupportedInterfaceOrientations_iPhone = "UIInterfaceOrientationPortrait UIInterfaceOrientationLandscapeLeft UIInterfaceOrientationLandscapeRight";
				IPHONEOS_DEPLOYMENT_TARGET = 15.0;
				LD_RUNPATH_SEARCH_PATHS = (
					"$(inherited)",
					"@executable_path/Frameworks",
				);
				MARKETING_VERSION = 1.0;
				PRODUCT_BUNDLE_IDENTIFIER = com.haaris.CustomStackNavigation;
				PRODUCT_NAME = CustomStackNavigation;
				SDKROOT = iphoneos;
				SWIFT_EMIT_LOC_STRINGS = YES;
				SWIFT_VERSION = 5.0;
				TARGETED_DEVICE_FAMILY = "1,2";
				VALIDATE_PRODUCT = YES;
			};
			name = Release;
		};
		05ED875A27357C61003A8CAB /* Debug */ = {
			isa = XCBuildConfiguration;
			buildSettings = {
				ASSETCATALOG_COMPILER_APPICON_NAME = AppIcon;
				ASSETCATALOG_COMPILER_GLOBAL_ACCENT_COLOR_NAME = AccentColor;
				CODE_SIGN_ENTITLEMENTS = macOS/macOS.entitlements;
				CODE_SIGN_STYLE = Automatic;
				COMBINE_HIDPI_IMAGES = YES;
				CURRENT_PROJECT_VERSION = 1;
				DEVELOPMENT_TEAM = KN3ZJQBK7N;
				ENABLE_HARDENED_RUNTIME = YES;
				ENABLE_PREVIEWS = YES;
				GENERATE_INFOPLIST_FILE = YES;
				INFOPLIST_KEY_NSHumanReadableCopyright = "";
				LD_RUNPATH_SEARCH_PATHS = (
					"$(inherited)",
					"@executable_path/../Frameworks",
				);
				MACOSX_DEPLOYMENT_TARGET = 12.0;
				MARKETING_VERSION = 1.0;
				PRODUCT_BUNDLE_IDENTIFIER = com.haaris.CustomStackNavigation;
				PRODUCT_NAME = CustomStackNavigation;
				SDKROOT = macosx;
				SWIFT_EMIT_LOC_STRINGS = YES;
				SWIFT_VERSION = 5.0;
			};
			name = Debug;
		};
		05ED875B27357C61003A8CAB /* Release */ = {
			isa = XCBuildConfiguration;
			buildSettings = {
				ASSETCATALOG_COMPILER_APPICON_NAME = AppIcon;
				ASSETCATALOG_COMPILER_GLOBAL_ACCENT_COLOR_NAME = AccentColor;
				CODE_SIGN_ENTITLEMENTS = macOS/macOS.entitlements;
				CODE_SIGN_STYLE = Automatic;
				COMBINE_HIDPI_IMAGES = YES;
				CURRENT_PROJECT_VERSION = 1;
				DEVELOPMENT_TEAM = KN3ZJQBK7N;
				ENABLE_HARDENED_RUNTIME = YES;
				ENABLE_PREVIEWS = YES;
				GENERATE_INFOPLIST_FILE = YES;
				INFOPLIST_KEY_NSHumanReadableCopyright = "";
				LD_RUNPATH_SEARCH_PATHS = (
					"$(inherited)",
					"@executable_path/../Frameworks",
				);
				MACOSX_DEPLOYMENT_TARGET = 12.0;
				MARKETING_VERSION = 1.0;
				PRODUCT_BUNDLE_IDENTIFIER = com.haaris.CustomStackNavigation;
				PRODUCT_NAME = CustomStackNavigation;
				SDKROOT = macosx;
				SWIFT_EMIT_LOC_STRINGS = YES;
				SWIFT_VERSION = 5.0;
			};
			name = Release;
		};
/* End XCBuildConfiguration section */

/* Begin XCConfigurationList section */
		05ED873C27357C60003A8CAB /* Build configuration list for PBXProject "CustomStackNavigation" */ = {
			isa = XCConfigurationList;
			buildConfigurations = (
				05ED875427357C61003A8CAB /* Debug */,
				05ED875527357C61003A8CAB /* Release */,
			);
			defaultConfigurationIsVisible = 0;
			defaultConfigurationName = Release;
		};
		05ED875627357C61003A8CAB /* Build configuration list for PBXNativeTarget "CustomStackNavigation (iOS)" */ = {
			isa = XCConfigurationList;
			buildConfigurations = (
				05ED875727357C61003A8CAB /* Debug */,
				05ED875827357C61003A8CAB /* Release */,
			);
			defaultConfigurationIsVisible = 0;
			defaultConfigurationName = Release;
		};
		05ED875927357C61003A8CAB /* Build configuration list for PBXNativeTarget "CustomStackNavigation (macOS)" */ = {
			isa = XCConfigurationList;
			buildConfigurations = (
				05ED875A27357C61003A8CAB /* Debug */,
				05ED875B27357C61003A8CAB /* Release */,
			);
			defaultConfigurationIsVisible = 0;
			defaultConfigurationName = Release;
		};
/* End XCConfigurationList section */
	};
	rootObject = 05ED873927357C60003A8CAB /* Project object */;
}
