// !$*UTF8*$!
{
	archiveVersion = 1;
	classes = {
	};
	objectVersion = 55;
	objects = {

/* Begin PBXBuildFile section */
		058AA501283FE30B00578158 /* Better_Form_With_Focused_StateApp.swift in Sources */ = {isa = PBXBuildFile; fileRef = 058AA4F1283FE30900578158 /* Better_Form_With_Focused_StateApp.swift */; };
		058AA502283FE30B00578158 /* Better_Form_With_Focused_StateApp.swift in Sources */ = {isa = PBXBuildFile; fileRef = 058AA4F1283FE30900578158 /* Better_Form_With_Focused_StateApp.swift */; };
		058AA503283FE30B00578158 /* ContentView.swift in Sources */ = {isa = PBXBuildFile; fileRef = 058AA4F2283FE30900578158 /* ContentView.swift */; };
		058AA504283FE30B00578158 /* ContentView.swift in Sources */ = {isa = PBXBuildFile; fileRef = 058AA4F2283FE30900578158 /* ContentView.swift */; };
		058AA505283FE30B00578158 /* Assets.xcassets in Resources */ = {isa = PBXBuildFile; fileRef = 058AA4F3283FE30B00578158 /* Assets.xcassets */; };
		058AA506283FE30B00578158 /* Assets.xcassets in Resources */ = {isa = PBXBuildFile; fileRef = 058AA4F3283FE30B00578158 /* Assets.xcassets */; };
/* End PBXBuildFile section */

/* Begin PBXFileReference section */
		058AA4F1283FE30900578158 /* Better_Form_With_Focused_StateApp.swift */ = {isa = PBXFileReference; lastKnownFileType = sourcecode.swift; path = Better_Form_With_Focused_StateApp.swift; sourceTree = "<group>"; };
		058AA4F2283FE30900578158 /* ContentView.swift */ = {isa = PBXFileReference; lastKnownFileType = sourcecode.swift; path = ContentView.swift; sourceTree = "<group>"; };
		058AA4F3283FE30B00578158 /* Assets.xcassets */ = {isa = PBXFileReference; lastKnownFileType = folder.assetcatalog; path = Assets.xcassets; sourceTree = "<group>"; };
		058AA4F8283FE30B00578158 /* Better_Form_With_Focused_State.app */ = {isa = PBXFileReference; explicitFileType = wrapper.application; includeInIndex = 0; path = Better_Form_With_Focused_State.app; sourceTree = BUILT_PRODUCTS_DIR; };
		058AA4FE283FE30B00578158 /* Better_Form_With_Focused_State.app */ = {isa = PBXFileReference; explicitFileType = wrapper.application; includeInIndex = 0; path = Better_Form_With_Focused_State.app; sourceTree = BUILT_PRODUCTS_DIR; };
		058AA500283FE30B00578158 /* macOS.entitlements */ = {isa = PBXFileReference; lastKnownFileType = text.plist.entitlements; path = macOS.entitlements; sourceTree = "<group>"; };
/* End PBXFileReference section */

/* Begin PBXFrameworksBuildPhase section */
		058AA4F5283FE30B00578158 /* Frameworks */ = {
			isa = PBXFrameworksBuildPhase;
			buildActionMask = 2147483647;
			files = (
			);
			runOnlyForDeploymentPostprocessing = 0;
		};
		058AA4FB283FE30B00578158 /* Frameworks */ = {
			isa = PBXFrameworksBuildPhase;
			buildActionMask = 2147483647;
			files = (
			);
			runOnlyForDeploymentPostprocessing = 0;
		};
/* End PBXFrameworksBuildPhase section */

/* Begin PBXGroup section */
		058AA4EB283FE30900578158 = {
			isa = PBXGroup;
			children = (
				058AA4F0283FE30900578158 /* Shared */,
				058AA4FF283FE30B00578158 /* macOS */,
				058AA4F9283FE30B00578158 /* Products */,
			);
			sourceTree = "<group>";
		};
		058AA4F0283FE30900578158 /* Shared */ = {
			isa = PBXGroup;
			children = (
				058AA4F1283FE30900578158 /* Better_Form_With_Focused_StateApp.swift */,
				058AA4F2283FE30900578158 /* ContentView.swift */,
				058AA4F3283FE30B00578158 /* Assets.xcassets */,
			);
			path = Shared;
			sourceTree = "<group>";
		};
		058AA4F9283FE30B00578158 /* Products */ = {
			isa = PBXGroup;
			children = (
				058AA4F8283FE30B00578158 /* Better_Form_With_Focused_State.app */,
				058AA4FE283FE30B00578158 /* Better_Form_With_Focused_State.app */,
			);
			name = Products;
			sourceTree = "<group>";
		};
		058AA4FF283FE30B00578158 /* macOS */ = {
			isa = PBXGroup;
			children = (
				058AA500283FE30B00578158 /* macOS.entitlements */,
			);
			path = macOS;
			sourceTree = "<group>";
		};
/* End PBXGroup section */

/* Begin PBXNativeTarget section */
		058AA4F7283FE30B00578158 /* Better_Form_With_Focused_State (iOS) */ = {
			isa = PBXNativeTarget;
			buildConfigurationList = 058AA509283FE30B00578158 /* Build configuration list for PBXNativeTarget "Better_Form_With_Focused_State (iOS)" */;
			buildPhases = (
				058AA4F4283FE30B00578158 /* Sources */,
				058AA4F5283FE30B00578158 /* Frameworks */,
				058AA4F6283FE30B00578158 /* Resources */,
			);
			buildRules = (
			);
			dependencies = (
			);
			name = "Better_Form_With_Focused_State (iOS)";
			productName = "Better_Form_With_Focused_State (iOS)";
			productReference = 058AA4F8283FE30B00578158 /* Better_Form_With_Focused_State.app */;
			productType = "com.apple.product-type.application";
		};
		058AA4FD283FE30B00578158 /* Better_Form_With_Focused_State (macOS) */ = {
			isa = PBXNativeTarget;
			buildConfigurationList = 058AA50C283FE30B00578158 /* Build configuration list for PBXNativeTarget "Better_Form_With_Focused_State (macOS)" */;
			buildPhases = (
				058AA4FA283FE30B00578158 /* Sources */,
				058AA4FB283FE30B00578158 /* Frameworks */,
				058AA4FC283FE30B00578158 /* Resources */,
			);
			buildRules = (
			);
			dependencies = (
			);
			name = "Better_Form_With_Focused_State (macOS)";
			productName = "Better_Form_With_Focused_State (macOS)";
			productReference = 058AA4FE283FE30B00578158 /* Better_Form_With_Focused_State.app */;
			productType = "com.apple.product-type.application";
		};
/* End PBXNativeTarget section */

/* Begin PBXProject section */
		058AA4EC283FE30900578158 /* Project object */ = {
			isa = PBXProject;
			attributes = {
				BuildIndependentTargetsInParallel = 1;
				LastSwiftUpdateCheck = 1340;
				LastUpgradeCheck = 1340;
				TargetAttributes = {
					058AA4F7283FE30B00578158 = {
						CreatedOnToolsVersion = 13.4;
					};
					058AA4FD283FE30B00578158 = {
						CreatedOnToolsVersion = 13.4;
					};
				};
			};
			buildConfigurationList = 058AA4EF283FE30900578158 /* Build configuration list for PBXProject "Better_Form_With_Focused_State" */;
			compatibilityVersion = "Xcode 13.0";
			developmentRegion = en;
			hasScannedForEncodings = 0;
			knownRegions = (
				en,
				Base,
			);
			mainGroup = 058AA4EB283FE30900578158;
			productRefGroup = 058AA4F9283FE30B00578158 /* Products */;
			projectDirPath = "";
			projectRoot = "";
			targets = (
				058AA4F7283FE30B00578158 /* Better_Form_With_Focused_State (iOS) */,
				058AA4FD283FE30B00578158 /* Better_Form_With_Focused_State (macOS) */,
			);
		};
/* End PBXProject section */

/* Begin PBXResourcesBuildPhase section */
		058AA4F6283FE30B00578158 /* Resources */ = {
			isa = PBXResourcesBuildPhase;
			buildActionMask = 2147483647;
			files = (
				058AA505283FE30B00578158 /* Assets.xcassets in Resources */,
			);
			runOnlyForDeploymentPostprocessing = 0;
		};
		058AA4FC283FE30B00578158 /* Resources */ = {
			isa = PBXResourcesBuildPhase;
			buildActionMask = 2147483647;
			files = (
				058AA506283FE30B00578158 /* Assets.xcassets in Resources */,
			);
			runOnlyForDeploymentPostprocessing = 0;
		};
/* End PBXResourcesBuildPhase section */

/* Begin PBXSourcesBuildPhase section */
		058AA4F4283FE30B00578158 /* Sources */ = {
			isa = PBXSourcesBuildPhase;
			buildActionMask = 2147483647;
			files = (
				058AA503283FE30B00578158 /* ContentView.swift in Sources */,
				058AA501283FE30B00578158 /* Better_Form_With_Focused_StateApp.swift in Sources */,
			);
			runOnlyForDeploymentPostprocessing = 0;
		};
		058AA4FA283FE30B00578158 /* Sources */ = {
			isa = PBXSourcesBuildPhase;
			buildActionMask = 2147483647;
			files = (
				058AA504283FE30B00578158 /* ContentView.swift in Sources */,
				058AA502283FE30B00578158 /* Better_Form_With_Focused_StateApp.swift in Sources */,
			);
			runOnlyForDeploymentPostprocessing = 0;
		};
/* End PBXSourcesBuildPhase section */

/* Begin XCBuildConfiguration section */
		058AA507283FE30B00578158 /* Debug */ = {
			isa = XCBuildConfiguration;
			buildSettings = {
				ALWAYS_SEARCH_USER_PATHS = NO;
				CLANG_ANALYZER_NONNULL = YES;
				CLANG_ANALYZER_NUMBER_OBJECT_CONVERSION = YES_AGGRESSIVE;
				CLANG_CXX_LANGUAGE_STANDARD = "gnu++17";
				CLANG_ENABLE_MODULES = YES;
				CLANG_ENABLE_OBJC_ARC = YES;
				CLANG_ENABLE_OBJC_WEAK = YES;
				CLANG_WARN_BLOCK_CAPTURE_AUTORELEASING = YES;
				CLANG_WARN_BOOL_CONVERSION = YES;
				CLANG_WARN_COMMA = YES;
				CLANG_WARN_CONSTANT_CONVERSION = YES;
				CLANG_WARN_DEPRECATED_OBJC_IMPLEMENTATIONS = YES;
				CLANG_WARN_DIRECT_OBJC_ISA_USAGE = YES_ERROR;
				CLANG_WARN_DOCUMENTATION_COMMENTS = YES;
				CLANG_WARN_EMPTY_BODY = YES;
				CLANG_WARN_ENUM_CONVERSION = YES;
				CLANG_WARN_INFINITE_RECURSION = YES;
				CLANG_WARN_INT_CONVERSION = YES;
				CLANG_WARN_NON_LITERAL_NULL_CONVERSION = YES;
				CLANG_WARN_OBJC_IMPLICIT_RETAIN_SELF = YES;
				CLANG_WARN_OBJC_LITERAL_CONVERSION = YES;
				CLANG_WARN_OBJC_ROOT_CLASS = YES_ERROR;
				CLANG_WARN_QUOTED_INCLUDE_IN_FRAMEWORK_HEADER = YES;
				CLANG_WARN_RANGE_LOOP_ANALYSIS = YES;
				CLANG_WARN_STRICT_PROTOTYPES = YES;
				CLANG_WARN_SUSPICIOUS_MOVE = YES;
				CLANG_WARN_UNGUARDED_AVAILABILITY = YES_AGGRESSIVE;
				CLANG_WARN_UNREACHABLE_CODE = YES;
				CLANG_WARN__DUPLICATE_METHOD_MATCH = YES;
				COPY_PHASE_STRIP = NO;
				DEBUG_INFORMATION_FORMAT = dwarf;
				ENABLE_STRICT_OBJC_MSGSEND = YES;
				ENABLE_TESTABILITY = YES;
				GCC_C_LANGUAGE_STANDARD = gnu11;
				GCC_DYNAMIC_NO_PIC = NO;
				GCC_NO_COMMON_BLOCKS = YES;
				GCC_OPTIMIZATION_LEVEL = 0;
				GCC_PREPROCESSOR_DEFINITIONS = (
					"DEBUG=1",
					"$(inherited)",
				);
				GCC_WARN_64_TO_32_BIT_CONVERSION = YES;
				GCC_WARN_ABOUT_RETURN_TYPE = YES_ERROR;
				GCC_WARN_UNDECLARED_SELECTOR = YES;
				GCC_WARN_UNINITIALIZED_AUTOS = YES_AGGRESSIVE;
				GCC_WARN_UNUSED_FUNCTION = YES;
				GCC_WARN_UNUSED_VARIABLE = YES;
				MTL_ENABLE_DEBUG_INFO = INCLUDE_SOURCE;
				MTL_FAST_MATH = YES;
				ONLY_ACTIVE_ARCH = YES;
				SWIFT_ACTIVE_COMPILATION_CONDITIONS = DEBUG;
				SWIFT_OPTIMIZATION_LEVEL = "-Onone";
			};
			name = Debug;
		};
		058AA508283FE30B00578158 /* Release */ = {
			isa = XCBuildConfiguration;
			buildSettings = {
				ALWAYS_SEARCH_USER_PATHS = NO;
				CLANG_ANALYZER_NONNULL = YES;
				CLANG_ANALYZER_NUMBER_OBJECT_CONVERSION = YES_AGGRESSIVE;
				CLANG_CXX_LANGUAGE_STANDARD = "gnu++17";
				CLANG_ENABLE_MODULES = YES;
				CLANG_ENABLE_OBJC_ARC = YES;
				CLANG_ENABLE_OBJC_WEAK = YES;
				CLANG_WARN_BLOCK_CAPTURE_AUTORELEASING = YES;
				CLANG_WARN_BOOL_CONVERSION = YES;
				CLANG_WARN_COMMA = YES;
				CLANG_WARN_CONSTANT_CONVERSION = YES;
				CLANG_WARN_DEPRECATED_OBJC_IMPLEMENTATIONS = YES;
				CLANG_WARN_DIRECT_OBJC_ISA_USAGE = YES_ERROR;
				CLANG_WARN_DOCUMENTATION_COMMENTS = YES;
				CLANG_WARN_EMPTY_BODY = YES;
				CLANG_WARN_ENUM_CONVERSION = YES;
				CLANG_WARN_INFINITE_RECURSION = YES;
				CLANG_WARN_INT_CONVERSION = YES;
				CLANG_WARN_NON_LITERAL_NULL_CONVERSION = YES;
				CLANG_WARN_OBJC_IMPLICIT_RETAIN_SELF = YES;
				CLANG_WARN_OBJC_LITERAL_CONVERSION = YES;
				CLANG_WARN_OBJC_ROOT_CLASS = YES_ERROR;
				CLANG_WARN_QUOTED_INCLUDE_IN_FRAMEWORK_HEADER = YES;
				CLANG_WARN_RANGE_LOOP_ANALYSIS = YES;
				CLANG_WARN_STRICT_PROTOTYPES = YES;
				CLANG_WARN_SUSPICIOUS_MOVE = YES;
				CLANG_WARN_UNGUARDED_AVAILABILITY = YES_AGGRESSIVE;
				CLANG_WARN_UNREACHABLE_CODE = YES;
				CLANG_WARN__DUPLICATE_METHOD_MATCH = YES;
				COPY_PHASE_STRIP = NO;
				DEBUG_INFORMATION_FORMAT = "dwarf-with-dsym";
				ENABLE_NS_ASSERTIONS = NO;
				ENABLE_STRICT_OBJC_MSGSEND = YES;
				GCC_C_LANGUAGE_STANDARD = gnu11;
				GCC_NO_COMMON_BLOCKS = YES;
				GCC_WARN_64_TO_32_BIT_CONVERSION = YES;
				GCC_WARN_ABOUT_RETURN_TYPE = YES_ERROR;
				GCC_WARN_UNDECLARED_SELECTOR = YES;
				GCC_WARN_UNINITIALIZED_AUTOS = YES_AGGRESSIVE;
				GCC_WARN_UNUSED_FUNCTION = YES;
				GCC_WARN_UNUSED_VARIABLE = YES;
				MTL_ENABLE_DEBUG_INFO = NO;
				MTL_FAST_MATH = YES;
				SWIFT_COMPILATION_MODE = wholemodule;
				SWIFT_OPTIMIZATION_LEVEL = "-O";
			};
			name = Release;
		};
		058AA50A283FE30B00578158 /* Debug */ = {
			isa = XCBuildConfiguration;
			buildSettings = {
				ASSETCATALOG_COMPILER_APPICON_NAME = AppIcon;
				ASSETCATALOG_COMPILER_GLOBAL_ACCENT_COLOR_NAME = AccentColor;
				CODE_SIGN_STYLE = Automatic;
				CURRENT_PROJECT_VERSION = 1;
				DEVELOPMENT_TEAM = KN3ZJQBK7N;
				ENABLE_PREVIEWS = YES;
				GENERATE_INFOPLIST_FILE = YES;
				INFOPLIST_KEY_UIApplicationSceneManifest_Generation = YES;
				INFOPLIST_KEY_UIApplicationSupportsIndirectInputEvents = YES;
				INFOPLIST_KEY_UILaunchScreen_Generation = YES;
				INFOPLIST_KEY_UISupportedInterfaceOrientations_iPad = "UIInterfaceOrientationPortrait UIInterfaceOrientationPortraitUpsideDown UIInterfaceOrientationLandscapeLeft UIInterfaceOrientationLandscapeRight";
				INFOPLIST_KEY_UISupportedInterfaceOrientations_iPhone = "UIInterfaceOrientationPortrait UIInterfaceOrientationLandscapeLeft UIInterfaceOrientationLandscapeRight";
				IPHONEOS_DEPLOYMENT_TARGET = 15.5;
				LD_RUNPATH_SEARCH_PATHS = (
					"$(inherited)",
					"@executable_path/Frameworks",
				);
				MARKETING_VERSION = 1.0;
				PRODUCT_BUNDLE_IDENTIFIER = "com.haaris.Better-Form-With-Focused-State";
				PRODUCT_NAME = Better_Form_With_Focused_State;
				SDKROOT = iphoneos;
				SWIFT_EMIT_LOC_STRINGS = YES;
				SWIFT_VERSION = 5.0;
				TARGETED_DEVICE_FAMILY = "1,2";
			};
			name = Debug;
		};
		058AA50B283FE30B00578158 /* Release */ = {
			isa = XCBuildConfiguration;
			buildSettings = {
				ASSETCATALOG_COMPILER_APPICON_NAME = AppIcon;
				ASSETCATALOG_COMPILER_GLOBAL_ACCENT_COLOR_NAME = AccentColor;
				CODE_SIGN_STYLE = Automatic;
				CURRENT_PROJECT_VERSION = 1;
				DEVELOPMENT_TEAM = KN3ZJQBK7N;
				ENABLE_PREVIEWS = YES;
				GENERATE_INFOPLIST_FILE = YES;
				INFOPLIST_KEY_UIApplicationSceneManifest_Generation = YES;
				INFOPLIST_KEY_UIApplicationSupportsIndirectInputEvents = YES;
				INFOPLIST_KEY_UILaunchScreen_Generation = YES;
				INFOPLIST_KEY_UISupportedInterfaceOrientations_iPad = "UIInterfaceOrientationPortrait UIInterfaceOrientationPortraitUpsideDown UIInterfaceOrientationLandscapeLeft UIInterfaceOrientationLandscapeRight";
				INFOPLIST_KEY_UISupportedInterfaceOrientations_iPhone = "UIInterfaceOrientationPortrait UIInterfaceOrientationLandscapeLeft UIInterfaceOrientationLandscapeRight";
				IPHONEOS_DEPLOYMENT_TARGET = 15.5;
				LD_RUNPATH_SEARCH_PATHS = (
					"$(inherited)",
					"@executable_path/Frameworks",
				);
				MARKETING_VERSION = 1.0;
				PRODUCT_BUNDLE_IDENTIFIER = "com.haaris.Better-Form-With-Focused-State";
				PRODUCT_NAME = Better_Form_With_Focused_State;
				SDKROOT = iphoneos;
				SWIFT_EMIT_LOC_STRINGS = YES;
				SWIFT_VERSION = 5.0;
				TARGETED_DEVICE_FAMILY = "1,2";
				VALIDATE_PRODUCT = YES;
			};
			name = Release;
		};
		058AA50D283FE30B00578158 /* Debug */ = {
			isa = XCBuildConfiguration;
			buildSettings = {
				ASSETCATALOG_COMPILER_APPICON_NAME = AppIcon;
				ASSETCATALOG_COMPILER_GLOBAL_ACCENT_COLOR_NAME = AccentColor;
				CODE_SIGN_ENTITLEMENTS = macOS/macOS.entitlements;
				CODE_SIGN_STYLE = Automatic;
				COMBINE_HIDPI_IMAGES = YES;
				CURRENT_PROJECT_VERSION = 1;
				DEVELOPMENT_TEAM = KN3ZJQBK7N;
				ENABLE_HARDENED_RUNTIME = YES;
				ENABLE_PREVIEWS = YES;
				GENERATE_INFOPLIST_FILE = YES;
				INFOPLIST_KEY_NSHumanReadableCopyright = "";
				LD_RUNPATH_SEARCH_PATHS = (
					"$(inherited)",
					"@executable_path/../Frameworks",
				);
				MACOSX_DEPLOYMENT_TARGET = 12.3;
				MARKETING_VERSION = 1.0;
				PRODUCT_BUNDLE_IDENTIFIER = "com.haaris.Better-Form-With-Focused-State";
				PRODUCT_NAME = Better_Form_With_Focused_State;
				SDKROOT = macosx;
				SWIFT_EMIT_LOC_STRINGS = YES;
				SWIFT_VERSION = 5.0;
			};
			name = Debug;
		};
		058AA50E283FE30B00578158 /* Release */ = {
			isa = XCBuildConfiguration;
			buildSettings = {
				ASSETCATALOG_COMPILER_APPICON_NAME = AppIcon;
				ASSETCATALOG_COMPILER_GLOBAL_ACCENT_COLOR_NAME = AccentColor;
				CODE_SIGN_ENTITLEMENTS = macOS/macOS.entitlements;
				CODE_SIGN_STYLE = Automatic;
				COMBINE_HIDPI_IMAGES = YES;
				CURRENT_PROJECT_VERSION = 1;
				DEVELOPMENT_TEAM = KN3ZJQBK7N;
				ENABLE_HARDENED_RUNTIME = YES;
				ENABLE_PREVIEWS = YES;
				GENERATE_INFOPLIST_FILE = YES;
				INFOPLIST_KEY_NSHumanReadableCopyright = "";
				LD_RUNPATH_SEARCH_PATHS = (
					"$(inherited)",
					"@executable_path/../Frameworks",
				);
				MACOSX_DEPLOYMENT_TARGET = 12.3;
				MARKETING_VERSION = 1.0;
				PRODUCT_BUNDLE_IDENTIFIER = "com.haaris.Better-Form-With-Focused-State";
				PRODUCT_NAME = Better_Form_With_Focused_State;
				SDKROOT = macosx;
				SWIFT_EMIT_LOC_STRINGS = YES;
				SWIFT_VERSION = 5.0;
			};
			name = Release;
		};
/* End XCBuildConfiguration section */

/* Begin XCConfigurationList section */
		058AA4EF283FE30900578158 /* Build configuration list for PBXProject "Better_Form_With_Focused_State" */ = {
			isa = XCConfigurationList;
			buildConfigurations = (
				058AA507283FE30B00578158 /* Debug */,
				058AA508283FE30B00578158 /* Release */,
			);
			defaultConfigurationIsVisible = 0;
			defaultConfigurationName = Release;
		};
		058AA509283FE30B00578158 /* Build configuration list for PBXNativeTarget "Better_Form_With_Focused_State (iOS)" */ = {
			isa = XCConfigurationList;
			buildConfigurations = (
				058AA50A283FE30B00578158 /* Debug */,
				058AA50B283FE30B00578158 /* Release */,
			);
			defaultConfigurationIsVisible = 0;
			defaultConfigurationName = Release;
		};
		058AA50C283FE30B00578158 /* Build configuration list for PBXNativeTarget "Better_Form_With_Focused_State (macOS)" */ = {
			isa = XCConfigurationList;
			buildConfigurations = (
				058AA50D283FE30B00578158 /* Debug */,
				058AA50E283FE30B00578158 /* Release */,
			);
			defaultConfigurationIsVisible = 0;
			defaultConfigurationName = Release;
		};
/* End XCConfigurationList section */
	};
	rootObject = 058AA4EC283FE30900578158 /* Project object */;
}
