// !$*UTF8*$!
{
	archiveVersion = 1;
	classes = {
	};
	objectVersion = 55;
	objects = {

/* Begin PBXBuildFile section */
		05A9BCB327BFDDA7002C4186 /* Theme_Switcher_SwiftUIApp.swift in Sources */ = {isa = PBXBuildFile; fileRef = 05A9BCA327BFDDA6002C4186 /* Theme_Switcher_SwiftUIApp.swift */; };
		05A9BCB427BFDDA7002C4186 /* Theme_Switcher_SwiftUIApp.swift in Sources */ = {isa = PBXBuildFile; fileRef = 05A9BCA327BFDDA6002C4186 /* Theme_Switcher_SwiftUIApp.swift */; };
		05A9BCB527BFDDA7002C4186 /* ContentView.swift in Sources */ = {isa = PBXBuildFile; fileRef = 05A9BCA427BFDDA6002C4186 /* ContentView.swift */; };
		05A9BCB627BFDDA7002C4186 /* ContentView.swift in Sources */ = {isa = PBXBuildFile; fileRef = 05A9BCA427BFDDA6002C4186 /* ContentView.swift */; };
		05A9BCB727BFDDA7002C4186 /* Assets.xcassets in Resources */ = {isa = PBXBuildFile; fileRef = 05A9BCA527BFDDA7002C4186 /* Assets.xcassets */; };
		05A9BCB827BFDDA7002C4186 /* Assets.xcassets in Resources */ = {isa = PBXBuildFile; fileRef = 05A9BCA527BFDDA7002C4186 /* Assets.xcassets */; };
		05A9BCC227BFDECC002C4186 /* SheetItemView.swift in Sources */ = {isa = PBXBuildFile; fileRef = 05A9BCC127BFDECC002C4186 /* SheetItemView.swift */; };
		05A9BCC327BFDECC002C4186 /* SheetItemView.swift in Sources */ = {isa = PBXBuildFile; fileRef = 05A9BCC127BFDECC002C4186 /* SheetItemView.swift */; };
		05A9BCC627BFDF4E002C4186 /* Theme.swift in Sources */ = {isa = PBXBuildFile; fileRef = 05A9BCC527BFDF4E002C4186 /* Theme.swift */; };
		05A9BCC727BFDF4E002C4186 /* Theme.swift in Sources */ = {isa = PBXBuildFile; fileRef = 05A9BCC527BFDF4E002C4186 /* Theme.swift */; };
		05A9BCC927BFE04C002C4186 /* ThemeCollection.swift in Sources */ = {isa = PBXBuildFile; fileRef = 05A9BCC827BFE04C002C4186 /* ThemeCollection.swift */; };
		05A9BCCA27BFE04C002C4186 /* ThemeCollection.swift in Sources */ = {isa = PBXBuildFile; fileRef = 05A9BCC827BFE04C002C4186 /* ThemeCollection.swift */; };
		05A9BCCC27BFE0CF002C4186 /* ThemeManager.swift in Sources */ = {isa = PBXBuildFile; fileRef = 05A9BCCB27BFE0CF002C4186 /* ThemeManager.swift */; };
		05A9BCCD27BFE0CF002C4186 /* ThemeManager.swift in Sources */ = {isa = PBXBuildFile; fileRef = 05A9BCCB27BFE0CF002C4186 /* ThemeManager.swift */; };
		05A9BCCF27BFE31E002C4186 /* CustomModifiers.swift in Sources */ = {isa = PBXBuildFile; fileRef = 05A9BCCE27BFE31E002C4186 /* CustomModifiers.swift */; };
		05A9BCD027BFE31E002C4186 /* CustomModifiers.swift in Sources */ = {isa = PBXBuildFile; fileRef = 05A9BCCE27BFE31E002C4186 /* CustomModifiers.swift */; };
		05A9BCD227BFE419002C4186 /* WrapperView.swift in Sources */ = {isa = PBXBuildFile; fileRef = 05A9BCD127BFE419002C4186 /* WrapperView.swift */; };
		05A9BCD327BFE419002C4186 /* WrapperView.swift in Sources */ = {isa = PBXBuildFile; fileRef = 05A9BCD127BFE419002C4186 /* WrapperView.swift */; };
/* End PBXBuildFile section */

/* Begin PBXFileReference section */
		05A9BCA327BFDDA6002C4186 /* Theme_Switcher_SwiftUIApp.swift */ = {isa = PBXFileReference; lastKnownFileType = sourcecode.swift; path = Theme_Switcher_SwiftUIApp.swift; sourceTree = "<group>"; };
		05A9BCA427BFDDA6002C4186 /* ContentView.swift */ = {isa = PBXFileReference; lastKnownFileType = sourcecode.swift; path = ContentView.swift; sourceTree = "<group>"; };
		05A9BCA527BFDDA7002C4186 /* Assets.xcassets */ = {isa = PBXFileReference; lastKnownFileType = folder.assetcatalog; path = Assets.xcassets; sourceTree = "<group>"; };
		05A9BCAA27BFDDA7002C4186 /* Theme_Switcher_SwiftUI.app */ = {isa = PBXFileReference; explicitFileType = wrapper.application; includeInIndex = 0; path = Theme_Switcher_SwiftUI.app; sourceTree = BUILT_PRODUCTS_DIR; };
		05A9BCB027BFDDA7002C4186 /* Theme_Switcher_SwiftUI.app */ = {isa = PBXFileReference; explicitFileType = wrapper.application; includeInIndex = 0; path = Theme_Switcher_SwiftUI.app; sourceTree = BUILT_PRODUCTS_DIR; };
		05A9BCB227BFDDA7002C4186 /* macOS.entitlements */ = {isa = PBXFileReference; lastKnownFileType = text.plist.entitlements; path = macOS.entitlements; sourceTree = "<group>"; };
		05A9BCC127BFDECC002C4186 /* SheetItemView.swift */ = {isa = PBXFileReference; lastKnownFileType = sourcecode.swift; path = SheetItemView.swift; sourceTree = "<group>"; };
		05A9BCC527BFDF4E002C4186 /* Theme.swift */ = {isa = PBXFileReference; lastKnownFileType = sourcecode.swift; path = Theme.swift; sourceTree = "<group>"; };
		05A9BCC827BFE04C002C4186 /* ThemeCollection.swift */ = {isa = PBXFileReference; lastKnownFileType = sourcecode.swift; path = ThemeCollection.swift; sourceTree = "<group>"; };
		05A9BCCB27BFE0CF002C4186 /* ThemeManager.swift */ = {isa = PBXFileReference; lastKnownFileType = sourcecode.swift; path = ThemeManager.swift; sourceTree = "<group>"; };
		05A9BCCE27BFE31E002C4186 /* CustomModifiers.swift */ = {isa = PBXFileReference; lastKnownFileType = sourcecode.swift; path = CustomModifiers.swift; sourceTree = "<group>"; };
		05A9BCD127BFE419002C4186 /* WrapperView.swift */ = {isa = PBXFileReference; lastKnownFileType = sourcecode.swift; path = WrapperView.swift; sourceTree = "<group>"; };
/* End PBXFileReference section */

/* Begin PBXFrameworksBuildPhase section */
		05A9BCA727BFDDA7002C4186 /* Frameworks */ = {
			isa = PBXFrameworksBuildPhase;
			buildActionMask = 2147483647;
			files = (
			);
			runOnlyForDeploymentPostprocessing = 0;
		};
		05A9BCAD27BFDDA7002C4186 /* Frameworks */ = {
			isa = PBXFrameworksBuildPhase;
			buildActionMask = 2147483647;
			files = (
			);
			runOnlyForDeploymentPostprocessing = 0;
		};
/* End PBXFrameworksBuildPhase section */

/* Begin PBXGroup section */
		05A9BC9D27BFDDA6002C4186 = {
			isa = PBXGroup;
			children = (
				05A9BCA227BFDDA6002C4186 /* Shared */,
				05A9BCB127BFDDA7002C4186 /* macOS */,
				05A9BCAB27BFDDA7002C4186 /* Products */,
			);
			sourceTree = "<group>";
		};
		05A9BCA227BFDDA6002C4186 /* Shared */ = {
			isa = PBXGroup;
			children = (
				05A9BCD127BFE419002C4186 /* WrapperView.swift */,
				05A9BCA327BFDDA6002C4186 /* Theme_Switcher_SwiftUIApp.swift */,
				05A9BCA427BFDDA6002C4186 /* ContentView.swift */,
				05A9BCC427BFDF2B002C4186 /* Theme */,
				05A9BCC127BFDECC002C4186 /* SheetItemView.swift */,
				05A9BCCE27BFE31E002C4186 /* CustomModifiers.swift */,
				05A9BCA527BFDDA7002C4186 /* Assets.xcassets */,
			);
			path = Shared;
			sourceTree = "<group>";
		};
		05A9BCAB27BFDDA7002C4186 /* Products */ = {
			isa = PBXGroup;
			children = (
				05A9BCAA27BFDDA7002C4186 /* Theme_Switcher_SwiftUI.app */,
				05A9BCB027BFDDA7002C4186 /* Theme_Switcher_SwiftUI.app */,
			);
			name = Products;
			sourceTree = "<group>";
		};
		05A9BCB127BFDDA7002C4186 /* macOS */ = {
			isa = PBXGroup;
			children = (
				05A9BCB227BFDDA7002C4186 /* macOS.entitlements */,
			);
			path = macOS;
			sourceTree = "<group>";
		};
		05A9BCC427BFDF2B002C4186 /* Theme */ = {
			isa = PBXGroup;
			children = (
				05A9BCC527BFDF4E002C4186 /* Theme.swift */,
				05A9BCC827BFE04C002C4186 /* ThemeCollection.swift */,
				05A9BCCB27BFE0CF002C4186 /* ThemeManager.swift */,
			);
			path = Theme;
			sourceTree = "<group>";
		};
/* End PBXGroup section */

/* Begin PBXNativeTarget section */
		05A9BCA927BFDDA7002C4186 /* Theme_Switcher_SwiftUI (iOS) */ = {
			isa = PBXNativeTarget;
			buildConfigurationList = 05A9BCBB27BFDDA7002C4186 /* Build configuration list for PBXNativeTarget "Theme_Switcher_SwiftUI (iOS)" */;
			buildPhases = (
				05A9BCA627BFDDA7002C4186 /* Sources */,
				05A9BCA727BFDDA7002C4186 /* Frameworks */,
				05A9BCA827BFDDA7002C4186 /* Resources */,
			);
			buildRules = (
			);
			dependencies = (
			);
			name = "Theme_Switcher_SwiftUI (iOS)";
			productName = "Theme_Switcher_SwiftUI (iOS)";
			productReference = 05A9BCAA27BFDDA7002C4186 /* Theme_Switcher_SwiftUI.app */;
			productType = "com.apple.product-type.application";
		};
		05A9BCAF27BFDDA7002C4186 /* Theme_Switcher_SwiftUI (macOS) */ = {
			isa = PBXNativeTarget;
			buildConfigurationList = 05A9BCBE27BFDDA7002C4186 /* Build configuration list for PBXNativeTarget "Theme_Switcher_SwiftUI (macOS)" */;
			buildPhases = (
				05A9BCAC27BFDDA7002C4186 /* Sources */,
				05A9BCAD27BFDDA7002C4186 /* Frameworks */,
				05A9BCAE27BFDDA7002C4186 /* Resources */,
			);
			buildRules = (
			);
			dependencies = (
			);
			name = "Theme_Switcher_SwiftUI (macOS)";
			productName = "Theme_Switcher_SwiftUI (macOS)";
			productReference = 05A9BCB027BFDDA7002C4186 /* Theme_Switcher_SwiftUI.app */;
			productType = "com.apple.product-type.application";
		};
/* End PBXNativeTarget section */

/* Begin PBXProject section */
		05A9BC9E27BFDDA6002C4186 /* Project object */ = {
			isa = PBXProject;
			attributes = {
				BuildIndependentTargetsInParallel = 1;
				LastSwiftUpdateCheck = 1320;
				LastUpgradeCheck = 1320;
				TargetAttributes = {
					05A9BCA927BFDDA7002C4186 = {
						CreatedOnToolsVersion = 13.2;
					};
					05A9BCAF27BFDDA7002C4186 = {
						CreatedOnToolsVersion = 13.2;
					};
				};
			};
			buildConfigurationList = 05A9BCA127BFDDA6002C4186 /* Build configuration list for PBXProject "Theme_Switcher_SwiftUI" */;
			compatibilityVersion = "Xcode 13.0";
			developmentRegion = en;
			hasScannedForEncodings = 0;
			knownRegions = (
				en,
				Base,
			);
			mainGroup = 05A9BC9D27BFDDA6002C4186;
			productRefGroup = 05A9BCAB27BFDDA7002C4186 /* Products */;
			projectDirPath = "";
			projectRoot = "";
			targets = (
				05A9BCA927BFDDA7002C4186 /* Theme_Switcher_SwiftUI (iOS) */,
				05A9BCAF27BFDDA7002C4186 /* Theme_Switcher_SwiftUI (macOS) */,
			);
		};
/* End PBXProject section */

/* Begin PBXResourcesBuildPhase section */
		05A9BCA827BFDDA7002C4186 /* Resources */ = {
			isa = PBXResourcesBuildPhase;
			buildActionMask = 2147483647;
			files = (
				05A9BCB727BFDDA7002C4186 /* Assets.xcassets in Resources */,
			);
			runOnlyForDeploymentPostprocessing = 0;
		};
		05A9BCAE27BFDDA7002C4186 /* Resources */ = {
			isa = PBXResourcesBuildPhase;
			buildActionMask = 2147483647;
			files = (
				05A9BCB827BFDDA7002C4186 /* Assets.xcassets in Resources */,
			);
			runOnlyForDeploymentPostprocessing = 0;
		};
/* End PBXResourcesBuildPhase section */

/* Begin PBXSourcesBuildPhase section */
		05A9BCA627BFDDA7002C4186 /* Sources */ = {
			isa = PBXSourcesBuildPhase;
			buildActionMask = 2147483647;
			files = (
				05A9BCD227BFE419002C4186 /* WrapperView.swift in Sources */,
				05A9BCC227BFDECC002C4186 /* SheetItemView.swift in Sources */,
				05A9BCC627BFDF4E002C4186 /* Theme.swift in Sources */,
				05A9BCB527BFDDA7002C4186 /* ContentView.swift in Sources */,
				05A9BCB327BFDDA7002C4186 /* Theme_Switcher_SwiftUIApp.swift in Sources */,
				05A9BCC927BFE04C002C4186 /* ThemeCollection.swift in Sources */,
				05A9BCCF27BFE31E002C4186 /* CustomModifiers.swift in Sources */,
				05A9BCCC27BFE0CF002C4186 /* ThemeManager.swift in Sources */,
			);
			runOnlyForDeploymentPostprocessing = 0;
		};
		05A9BCAC27BFDDA7002C4186 /* Sources */ = {
			isa = PBXSourcesBuildPhase;
			buildActionMask = 2147483647;
			files = (
				05A9BCD327BFE419002C4186 /* WrapperView.swift in Sources */,
				05A9BCC327BFDECC002C4186 /* SheetItemView.swift in Sources */,
				05A9BCC727BFDF4E002C4186 /* Theme.swift in Sources */,
				05A9BCB627BFDDA7002C4186 /* ContentView.swift in Sources */,
				05A9BCB427BFDDA7002C4186 /* Theme_Switcher_SwiftUIApp.swift in Sources */,
				05A9BCCA27BFE04C002C4186 /* ThemeCollection.swift in Sources */,
				05A9BCD027BFE31E002C4186 /* CustomModifiers.swift in Sources */,
				05A9BCCD27BFE0CF002C4186 /* ThemeManager.swift in Sources */,
			);
			runOnlyForDeploymentPostprocessing = 0;
		};
/* End PBXSourcesBuildPhase section */

/* Begin XCBuildConfiguration section */
		05A9BCB927BFDDA7002C4186 /* Debug */ = {
			isa = XCBuildConfiguration;
			buildSettings = {
				ALWAYS_SEARCH_USER_PATHS = NO;
				CLANG_ANALYZER_NONNULL = YES;
				CLANG_ANALYZER_NUMBER_OBJECT_CONVERSION = YES_AGGRESSIVE;
				CLANG_CXX_LANGUAGE_STANDARD = "gnu++17";
				CLANG_CXX_LIBRARY = "libc++";
				CLANG_ENABLE_MODULES = YES;
				CLANG_ENABLE_OBJC_ARC = YES;
				CLANG_ENABLE_OBJC_WEAK = YES;
				CLANG_WARN_BLOCK_CAPTURE_AUTORELEASING = YES;
				CLANG_WARN_BOOL_CONVERSION = YES;
				CLANG_WARN_COMMA = YES;
				CLANG_WARN_CONSTANT_CONVERSION = YES;
				CLANG_WARN_DEPRECATED_OBJC_IMPLEMENTATIONS = YES;
				CLANG_WARN_DIRECT_OBJC_ISA_USAGE = YES_ERROR;
				CLANG_WARN_DOCUMENTATION_COMMENTS = YES;
				CLANG_WARN_EMPTY_BODY = YES;
				CLANG_WARN_ENUM_CONVERSION = YES;
				CLANG_WARN_INFINITE_RECURSION = YES;
				CLANG_WARN_INT_CONVERSION = YES;
				CLANG_WARN_NON_LITERAL_NULL_CONVERSION = YES;
				CLANG_WARN_OBJC_IMPLICIT_RETAIN_SELF = YES;
				CLANG_WARN_OBJC_LITERAL_CONVERSION = YES;
				CLANG_WARN_OBJC_ROOT_CLASS = YES_ERROR;
				CLANG_WARN_QUOTED_INCLUDE_IN_FRAMEWORK_HEADER = YES;
				CLANG_WARN_RANGE_LOOP_ANALYSIS = YES;
				CLANG_WARN_STRICT_PROTOTYPES = YES;
				CLANG_WARN_SUSPICIOUS_MOVE = YES;
				CLANG_WARN_UNGUARDED_AVAILABILITY = YES_AGGRESSIVE;
				CLANG_WARN_UNREACHABLE_CODE = YES;
				CLANG_WARN__DUPLICATE_METHOD_MATCH = YES;
				COPY_PHASE_STRIP = NO;
				DEBUG_INFORMATION_FORMAT = dwarf;
				ENABLE_STRICT_OBJC_MSGSEND = YES;
				ENABLE_TESTABILITY = YES;
				GCC_C_LANGUAGE_STANDARD = gnu11;
				GCC_DYNAMIC_NO_PIC = NO;
				GCC_NO_COMMON_BLOCKS = YES;
				GCC_OPTIMIZATION_LEVEL = 0;
				GCC_PREPROCESSOR_DEFINITIONS = (
					"DEBUG=1",
					"$(inherited)",
				);
				GCC_WARN_64_TO_32_BIT_CONVERSION = YES;
				GCC_WARN_ABOUT_RETURN_TYPE = YES_ERROR;
				GCC_WARN_UNDECLARED_SELECTOR = YES;
				GCC_WARN_UNINITIALIZED_AUTOS = YES_AGGRESSIVE;
				GCC_WARN_UNUSED_FUNCTION = YES;
				GCC_WARN_UNUSED_VARIABLE = YES;
				MTL_ENABLE_DEBUG_INFO = INCLUDE_SOURCE;
				MTL_FAST_MATH = YES;
				ONLY_ACTIVE_ARCH = YES;
				SWIFT_ACTIVE_COMPILATION_CONDITIONS = DEBUG;
				SWIFT_OPTIMIZATION_LEVEL = "-Onone";
			};
			name = Debug;
		};
		05A9BCBA27BFDDA7002C4186 /* Release */ = {
			isa = XCBuildConfiguration;
			buildSettings = {
				ALWAYS_SEARCH_USER_PATHS = NO;
				CLANG_ANALYZER_NONNULL = YES;
				CLANG_ANALYZER_NUMBER_OBJECT_CONVERSION = YES_AGGRESSIVE;
				CLANG_CXX_LANGUAGE_STANDARD = "gnu++17";
				CLANG_CXX_LIBRARY = "libc++";
				CLANG_ENABLE_MODULES = YES;
				CLANG_ENABLE_OBJC_ARC = YES;
				CLANG_ENABLE_OBJC_WEAK = YES;
				CLANG_WARN_BLOCK_CAPTURE_AUTORELEASING = YES;
				CLANG_WARN_BOOL_CONVERSION = YES;
				CLANG_WARN_COMMA = YES;
				CLANG_WARN_CONSTANT_CONVERSION = YES;
				CLANG_WARN_DEPRECATED_OBJC_IMPLEMENTATIONS = YES;
				CLANG_WARN_DIRECT_OBJC_ISA_USAGE = YES_ERROR;
				CLANG_WARN_DOCUMENTATION_COMMENTS = YES;
				CLANG_WARN_EMPTY_BODY = YES;
				CLANG_WARN_ENUM_CONVERSION = YES;
				CLANG_WARN_INFINITE_RECURSION = YES;
				CLANG_WARN_INT_CONVERSION = YES;
				CLANG_WARN_NON_LITERAL_NULL_CONVERSION = YES;
				CLANG_WARN_OBJC_IMPLICIT_RETAIN_SELF = YES;
				CLANG_WARN_OBJC_LITERAL_CONVERSION = YES;
				CLANG_WARN_OBJC_ROOT_CLASS = YES_ERROR;
				CLANG_WARN_QUOTED_INCLUDE_IN_FRAMEWORK_HEADER = YES;
				CLANG_WARN_RANGE_LOOP_ANALYSIS = YES;
				CLANG_WARN_STRICT_PROTOTYPES = YES;
				CLANG_WARN_SUSPICIOUS_MOVE = YES;
				CLANG_WARN_UNGUARDED_AVAILABILITY = YES_AGGRESSIVE;
				CLANG_WARN_UNREACHABLE_CODE = YES;
				CLANG_WARN__DUPLICATE_METHOD_MATCH = YES;
				COPY_PHASE_STRIP = NO;
				DEBUG_INFORMATION_FORMAT = "dwarf-with-dsym";
				ENABLE_NS_ASSERTIONS = NO;
				ENABLE_STRICT_OBJC_MSGSEND = YES;
				GCC_C_LANGUAGE_STANDARD = gnu11;
				GCC_NO_COMMON_BLOCKS = YES;
				GCC_WARN_64_TO_32_BIT_CONVERSION = YES;
				GCC_WARN_ABOUT_RETURN_TYPE = YES_ERROR;
				GCC_WARN_UNDECLARED_SELECTOR = YES;
				GCC_WARN_UNINITIALIZED_AUTOS = YES_AGGRESSIVE;
				GCC_WARN_UNUSED_FUNCTION = YES;
				GCC_WARN_UNUSED_VARIABLE = YES;
				MTL_ENABLE_DEBUG_INFO = NO;
				MTL_FAST_MATH = YES;
				SWIFT_COMPILATION_MODE = wholemodule;
				SWIFT_OPTIMIZATION_LEVEL = "-O";
			};
			name = Release;
		};
		05A9BCBC27BFDDA7002C4186 /* Debug */ = {
			isa = XCBuildConfiguration;
			buildSettings = {
				ASSETCATALOG_COMPILER_APPICON_NAME = AppIcon;
				ASSETCATALOG_COMPILER_GLOBAL_ACCENT_COLOR_NAME = AccentColor;
				CODE_SIGN_STYLE = Automatic;
				CURRENT_PROJECT_VERSION = 1;
				DEVELOPMENT_TEAM = KN3ZJQBK7N;
				ENABLE_PREVIEWS = YES;
				GENERATE_INFOPLIST_FILE = YES;
				INFOPLIST_KEY_UIApplicationSceneManifest_Generation = YES;
				INFOPLIST_KEY_UIApplicationSupportsIndirectInputEvents = YES;
				INFOPLIST_KEY_UILaunchScreen_Generation = YES;
				INFOPLIST_KEY_UISupportedInterfaceOrientations_iPad = "UIInterfaceOrientationPortrait UIInterfaceOrientationPortraitUpsideDown UIInterfaceOrientationLandscapeLeft UIInterfaceOrientationLandscapeRight";
				INFOPLIST_KEY_UISupportedInterfaceOrientations_iPhone = "UIInterfaceOrientationPortrait UIInterfaceOrientationLandscapeLeft UIInterfaceOrientationLandscapeRight";
				IPHONEOS_DEPLOYMENT_TARGET = 15.2;
				LD_RUNPATH_SEARCH_PATHS = (
					"$(inherited)",
					"@executable_path/Frameworks",
				);
				MARKETING_VERSION = 1.0;
				PRODUCT_BUNDLE_IDENTIFIER = "com.haaris.Theme-Switcher-SwiftUI";
				PRODUCT_NAME = Theme_Switcher_SwiftUI;
				SDKROOT = iphoneos;
				SWIFT_EMIT_LOC_STRINGS = YES;
				SWIFT_VERSION = 5.0;
				TARGETED_DEVICE_FAMILY = "1,2";
			};
			name = Debug;
		};
		05A9BCBD27BFDDA7002C4186 /* Release */ = {
			isa = XCBuildConfiguration;
			buildSettings = {
				ASSETCATALOG_COMPILER_APPICON_NAME = AppIcon;
				ASSETCATALOG_COMPILER_GLOBAL_ACCENT_COLOR_NAME = AccentColor;
				CODE_SIGN_STYLE = Automatic;
				CURRENT_PROJECT_VERSION = 1;
				DEVELOPMENT_TEAM = KN3ZJQBK7N;
				ENABLE_PREVIEWS = YES;
				GENERATE_INFOPLIST_FILE = YES;
				INFOPLIST_KEY_UIApplicationSceneManifest_Generation = YES;
				INFOPLIST_KEY_UIApplicationSupportsIndirectInputEvents = YES;
				INFOPLIST_KEY_UILaunchScreen_Generation = YES;
				INFOPLIST_KEY_UISupportedInterfaceOrientations_iPad = "UIInterfaceOrientationPortrait UIInterfaceOrientationPortraitUpsideDown UIInterfaceOrientationLandscapeLeft UIInterfaceOrientationLandscapeRight";
				INFOPLIST_KEY_UISupportedInterfaceOrientations_iPhone = "UIInterfaceOrientationPortrait UIInterfaceOrientationLandscapeLeft UIInterfaceOrientationLandscapeRight";
				IPHONEOS_DEPLOYMENT_TARGET = 15.2;
				LD_RUNPATH_SEARCH_PATHS = (
					"$(inherited)",
					"@executable_path/Frameworks",
				);
				MARKETING_VERSION = 1.0;
				PRODUCT_BUNDLE_IDENTIFIER = "com.haaris.Theme-Switcher-SwiftUI";
				PRODUCT_NAME = Theme_Switcher_SwiftUI;
				SDKROOT = iphoneos;
				SWIFT_EMIT_LOC_STRINGS = YES;
				SWIFT_VERSION = 5.0;
				TARGETED_DEVICE_FAMILY = "1,2";
				VALIDATE_PRODUCT = YES;
			};
			name = Release;
		};
		05A9BCBF27BFDDA7002C4186 /* Debug */ = {
			isa = XCBuildConfiguration;
			buildSettings = {
				ASSETCATALOG_COMPILER_APPICON_NAME = AppIcon;
				ASSETCATALOG_COMPILER_GLOBAL_ACCENT_COLOR_NAME = AccentColor;
				CODE_SIGN_ENTITLEMENTS = macOS/macOS.entitlements;
				CODE_SIGN_STYLE = Automatic;
				COMBINE_HIDPI_IMAGES = YES;
				CURRENT_PROJECT_VERSION = 1;
				DEVELOPMENT_TEAM = KN3ZJQBK7N;
				ENABLE_HARDENED_RUNTIME = YES;
				ENABLE_PREVIEWS = YES;
				GENERATE_INFOPLIST_FILE = YES;
				INFOPLIST_KEY_NSHumanReadableCopyright = "";
				LD_RUNPATH_SEARCH_PATHS = (
					"$(inherited)",
					"@executable_path/../Frameworks",
				);
				MACOSX_DEPLOYMENT_TARGET = 12.1;
				MARKETING_VERSION = 1.0;
				PRODUCT_BUNDLE_IDENTIFIER = "com.haaris.Theme-Switcher-SwiftUI";
				PRODUCT_NAME = Theme_Switcher_SwiftUI;
				SDKROOT = macosx;
				SWIFT_EMIT_LOC_STRINGS = YES;
				SWIFT_VERSION = 5.0;
			};
			name = Debug;
		};
		05A9BCC027BFDDA7002C4186 /* Release */ = {
			isa = XCBuildConfiguration;
			buildSettings = {
				ASSETCATALOG_COMPILER_APPICON_NAME = AppIcon;
				ASSETCATALOG_COMPILER_GLOBAL_ACCENT_COLOR_NAME = AccentColor;
				CODE_SIGN_ENTITLEMENTS = macOS/macOS.entitlements;
				CODE_SIGN_STYLE = Automatic;
				COMBINE_HIDPI_IMAGES = YES;
				CURRENT_PROJECT_VERSION = 1;
				DEVELOPMENT_TEAM = KN3ZJQBK7N;
				ENABLE_HARDENED_RUNTIME = YES;
				ENABLE_PREVIEWS = YES;
				GENERATE_INFOPLIST_FILE = YES;
				INFOPLIST_KEY_NSHumanReadableCopyright = "";
				LD_RUNPATH_SEARCH_PATHS = (
					"$(inherited)",
					"@executable_path/../Frameworks",
				);
				MACOSX_DEPLOYMENT_TARGET = 12.1;
				MARKETING_VERSION = 1.0;
				PRODUCT_BUNDLE_IDENTIFIER = "com.haaris.Theme-Switcher-SwiftUI";
				PRODUCT_NAME = Theme_Switcher_SwiftUI;
				SDKROOT = macosx;
				SWIFT_EMIT_LOC_STRINGS = YES;
				SWIFT_VERSION = 5.0;
			};
			name = Release;
		};
/* End XCBuildConfiguration section */

/* Begin XCConfigurationList section */
		05A9BCA127BFDDA6002C4186 /* Build configuration list for PBXProject "Theme_Switcher_SwiftUI" */ = {
			isa = XCConfigurationList;
			buildConfigurations = (
				05A9BCB927BFDDA7002C4186 /* Debug */,
				05A9BCBA27BFDDA7002C4186 /* Release */,
			);
			defaultConfigurationIsVisible = 0;
			defaultConfigurationName = Release;
		};
		05A9BCBB27BFDDA7002C4186 /* Build configuration list for PBXNativeTarget "Theme_Switcher_SwiftUI (iOS)" */ = {
			isa = XCConfigurationList;
			buildConfigurations = (
				05A9BCBC27BFDDA7002C4186 /* Debug */,
				05A9BCBD27BFDDA7002C4186 /* Release */,
			);
			defaultConfigurationIsVisible = 0;
			defaultConfigurationName = Release;
		};
		05A9BCBE27BFDDA7002C4186 /* Build configuration list for PBXNativeTarget "Theme_Switcher_SwiftUI (macOS)" */ = {
			isa = XCConfigurationList;
			buildConfigurations = (
				05A9BCBF27BFDDA7002C4186 /* Debug */,
				05A9BCC027BFDDA7002C4186 /* Release */,
			);
			defaultConfigurationIsVisible = 0;
			defaultConfigurationName = Release;
		};
/* End XCConfigurationList section */
	};
	rootObject = 05A9BC9E27BFDDA6002C4186 /* Project object */;
}
